// !$*UTF8*$!
{
	archiveVersion = 1;
	classes = {
	};
	objectVersion = 56;
	objects = {

/* Begin PBXBuildFile section */
		04F402872B1324EC002C8C00 /* LongSwiftUJourneyApp.swift in Sources */ = {isa = PBXBuildFile; fileRef = 04F402862B1324EC002C8C00 /* LongSwiftUJourneyApp.swift */; };
		04F4028B2B1324F1002C8C00 /* Assets.xcassets in Resources */ = {isa = PBXBuildFile; fileRef = 04F4028A2B1324F1002C8C00 /* Assets.xcassets */; };
		04F4028E2B1324F1002C8C00 /* Preview Assets.xcassets in Resources */ = {isa = PBXBuildFile; fileRef = 04F4028D2B1324F1002C8C00 /* Preview Assets.xcassets */; };
		04F402962B132C37002C8C00 /* Header.swift in Sources */ = {isa = PBXBuildFile; fileRef = 04F402952B132C37002C8C00 /* Header.swift */; };
		04F402982B132C95002C8C00 /* PricingView.swift in Sources */ = {isa = PBXBuildFile; fileRef = 04F402972B132C95002C8C00 /* PricingView.swift */; };
		04F4029A2B1336F0002C8C00 /* Constants.swift in Sources */ = {isa = PBXBuildFile; fileRef = 04F402992B1336F0002C8C00 /* Constants.swift */; };
		540CDE0D2B55CA260026B2C1 /* MoonButton.swift in Sources */ = {isa = PBXBuildFile; fileRef = 540CDE0C2B55CA260026B2C1 /* MoonButton.swift */; };
		54256E252B27A19D00618144 /* Restaurant.swift in Sources */ = {isa = PBXBuildFile; fileRef = 54256E242B27A19D00618144 /* Restaurant.swift */; };
		54256E3F2B2A258D00618144 /* BasicImageRow.swift in Sources */ = {isa = PBXBuildFile; fileRef = 54256E3E2B2A258D00618144 /* BasicImageRow.swift */; };
		54256E412B2A264000618144 /* FullImageRow.swift in Sources */ = {isa = PBXBuildFile; fileRef = 54256E402B2A264000618144 /* FullImageRow.swift */; };
		5437B8712B2F4CDC00BC39B0 /* Exercise_10_1.swift in Sources */ = {isa = PBXBuildFile; fileRef = 5437B8702B2F4CDC00BC39B0 /* Exercise_10_1.swift */; };
		5437B8752B2F5A4800BC39B0 /* HINavigationStack.swift in Sources */ = {isa = PBXBuildFile; fileRef = 5437B8742B2F5A4800BC39B0 /* HINavigationStack.swift */; };
		5437B8772B2F5BED00BC39B0 /* RestaurantDetailView.swift in Sources */ = {isa = PBXBuildFile; fileRef = 5437B8762B2F5BED00BC39B0 /* RestaurantDetailView.swift */; };
		5437B87A2B34D0D100BC39B0 /* Restaurant_13.swift in Sources */ = {isa = PBXBuildFile; fileRef = 5437B8792B34D0D100BC39B0 /* Restaurant_13.swift */; };
		5437B87C2B34D10E00BC39B0 /* BasicImageRow_13.swift in Sources */ = {isa = PBXBuildFile; fileRef = 5437B87B2B34D10E00BC39B0 /* BasicImageRow_13.swift */; };
		5437B87E2B34D14900BC39B0 /* ContentView_13.swift in Sources */ = {isa = PBXBuildFile; fileRef = 5437B87D2B34D14900BC39B0 /* ContentView_13.swift */; };
		5437B8802B34D25500BC39B0 /* SettingView.swift in Sources */ = {isa = PBXBuildFile; fileRef = 5437B87F2B34D25500BC39B0 /* SettingView.swift */; };
		5437B8822B35D82C00BC39B0 /* DisplayOrderType.swift in Sources */ = {isa = PBXBuildFile; fileRef = 5437B8812B35D82C00BC39B0 /* DisplayOrderType.swift */; };
		5437B8852B35DA7200BC39B0 /* SettingStore.swift in Sources */ = {isa = PBXBuildFile; fileRef = 5437B8842B35DA7200BC39B0 /* SettingStore.swift */; };
		546D50072B44878D002E424E /* ContextMenu.swift in Sources */ = {isa = PBXBuildFile; fileRef = 546D50062B44878D002E424E /* ContextMenu.swift */; };
		546D50092B448CEC002E424E /* BasicImageRow_16.swift in Sources */ = {isa = PBXBuildFile; fileRef = 546D50082B448CEC002E424E /* BasicImageRow_16.swift */; };
		546D500B2B448D0D002E424E /* Restaurant_16.swift in Sources */ = {isa = PBXBuildFile; fileRef = 546D500A2B448D0D002E424E /* Restaurant_16.swift */; };
		546D500E2B458D21002E424E /* HiGestures.swift in Sources */ = {isa = PBXBuildFile; fileRef = 546D500D2B458D21002E424E /* HiGestures.swift */; };
		546D50112B4B0D58002E424E /* HiBottomSheet.swift in Sources */ = {isa = PBXBuildFile; fileRef = 546D50102B4B0D58002E424E /* HiBottomSheet.swift */; };
		546D50132B4B0EEA002E424E /* Restaurant_18.swift in Sources */ = {isa = PBXBuildFile; fileRef = 546D50122B4B0EEA002E424E /* Restaurant_18.swift */; };
		546D50152B4B144A002E424E /* BasicImageRow_18.swift in Sources */ = {isa = PBXBuildFile; fileRef = 546D50142B4B144A002E424E /* BasicImageRow_18.swift */; };
		546D50172B4B14A1002E424E /* RestaurantDetailView_18.swift in Sources */ = {isa = PBXBuildFile; fileRef = 546D50162B4B14A1002E424E /* RestaurantDetailView_18.swift */; };
		546D501A2B4D5B3D002E424E /* Trip.swift in Sources */ = {isa = PBXBuildFile; fileRef = 546D50192B4D5B3D002E424E /* Trip.swift */; };
		546D501C2B4D5C11002E424E /* UILikeTinder.swift in Sources */ = {isa = PBXBuildFile; fileRef = 546D501B2B4D5C11002E424E /* UILikeTinder.swift */; };
		546D501E2B52B323002E424E /* DragState.swift in Sources */ = {isa = PBXBuildFile; fileRef = 546D501D2B52B323002E424E /* DragState.swift */; };
		546D50202B52B44D002E424E /* TripView.swift in Sources */ = {isa = PBXBuildFile; fileRef = 546D501F2B52B44D002E424E /* TripView.swift */; };
		546D50222B52BD30002E424E /* ButtonsAnimations.swift in Sources */ = {isa = PBXBuildFile; fileRef = 546D50212B52BD30002E424E /* ButtonsAnimations.swift */; };
		546D50242B52CFFA002E424E /* Press.swift in Sources */ = {isa = PBXBuildFile; fileRef = 546D50232B52CFFA002E424E /* Press.swift */; };
		EA1DF7A02B27333200FB7816 /* ListForEachIdentifiable.swift in Sources */ = {isa = PBXBuildFile; fileRef = EA1DF79F2B27333200FB7816 /* ListForEachIdentifiable.swift */; };
		EA1F26042B32D43700DD482C /* ModalViewsFloatingButtonsAlerts.swift in Sources */ = {isa = PBXBuildFile; fileRef = EA1F26032B32D43700DD482C /* ModalViewsFloatingButtonsAlerts.swift */; };
		EA1F26062B3302A000DD482C /* ArticleDetailedViewWithDismissButton.swift in Sources */ = {isa = PBXBuildFile; fileRef = EA1F26052B3302A000DD482C /* ArticleDetailedViewWithDismissButton.swift */; };
		EA2774942B20DD3D006E9847 /* Heart.swift in Sources */ = {isa = PBXBuildFile; fileRef = EA2774932B20DD3D006E9847 /* Heart.swift */; };
		EA2774962B20E0B2006E9847 /* CircleLoadingIndicator.swift in Sources */ = {isa = PBXBuildFile; fileRef = EA2774952B20E0B2006E9847 /* CircleLoadingIndicator.swift */; };
		EA2774982B20E7A6006E9847 /* LineLoadingIndicator.swift in Sources */ = {isa = PBXBuildFile; fileRef = EA2774972B20E7A6006E9847 /* LineLoadingIndicator.swift */; };
		EA27749A2B21DAD0006E9847 /* CircleProgressIndicator.swift in Sources */ = {isa = PBXBuildFile; fileRef = EA2774992B21DAD0006E9847 /* CircleProgressIndicator.swift */; };
		EA27749C2B21DF10006E9847 /* DotsLoader.swift in Sources */ = {isa = PBXBuildFile; fileRef = EA27749B2B21DF10006E9847 /* DotsLoader.swift */; };
		EA27749E2B2229AC006E9847 /* ShapeChangerButton.swift in Sources */ = {isa = PBXBuildFile; fileRef = EA27749D2B2229AC006E9847 /* ShapeChangerButton.swift */; };
		EA2BB87A2B3D54DD00585ED0 /* DividerTextFiled.swift in Sources */ = {isa = PBXBuildFile; fileRef = EA2BB8792B3D54DD00585ED0 /* DividerTextFiled.swift */; };
		EA2BB87C2B3D572100585ED0 /* CentredLabel.swift in Sources */ = {isa = PBXBuildFile; fileRef = EA2BB87B2B3D572100585ED0 /* CentredLabel.swift */; };
		EA46C4792B1C765B00D940DD /* Counter.swift in Sources */ = {isa = PBXBuildFile; fileRef = EA46C4782B1C765B00D940DD /* Counter.swift */; };
		EA46C47B2B1C775800D940DD /* WelcomePath.swift in Sources */ = {isa = PBXBuildFile; fileRef = EA46C47A2B1C775800D940DD /* WelcomePath.swift */; };
		EA46C47D2B1DD2B600D940DD /* Dome.swift in Sources */ = {isa = PBXBuildFile; fileRef = EA46C47C2B1DD2B600D940DD /* Dome.swift */; };
		EA46C47F2B1DD63500D940DD /* PlayButton.swift in Sources */ = {isa = PBXBuildFile; fileRef = EA46C47E2B1DD63500D940DD /* PlayButton.swift */; };
		EA46C4812B1DD8DE00D940DD /* ProgressView.swift in Sources */ = {isa = PBXBuildFile; fileRef = EA46C4802B1DD8DE00D940DD /* ProgressView.swift */; };
		EA46C4842B1E500200D940DD /* SwiftUIAnimations.swift in Sources */ = {isa = PBXBuildFile; fileRef = EA46C4832B1E500200D940DD /* SwiftUIAnimations.swift */; };
		EA7D05E92B301803001C6560 /* Exercise_11_1.swift in Sources */ = {isa = PBXBuildFile; fileRef = EA7D05E82B301802001C6560 /* Exercise_11_1.swift */; };
		EA7D05EB2B301EF2001C6560 /* ArticleView.swift in Sources */ = {isa = PBXBuildFile; fileRef = EA7D05EA2B301EF2001C6560 /* ArticleView.swift */; };
		EA7D05ED2B30223B001C6560 /* ArticleDetailedView.swift in Sources */ = {isa = PBXBuildFile; fileRef = EA7D05EC2B30223B001C6560 /* ArticleDetailedView.swift */; };
		EA7E57422B14742B0086CCD3 /* Exercise_4_1.swift in Sources */ = {isa = PBXBuildFile; fileRef = EA7E57412B14742B0086CCD3 /* Exercise_4_1.swift */; };
		EA7E57442B1474F50086CCD3 /* Exercise_4_2.swift in Sources */ = {isa = PBXBuildFile; fileRef = EA7E57432B1474F50086CCD3 /* Exercise_4_2.swift */; };
		EA993D1A2B19EA9F00FB7D4E /* ButtonStyles.swift in Sources */ = {isa = PBXBuildFile; fileRef = EA993D192B19EA9F00FB7D4E /* ButtonStyles.swift */; };
		EA993D372B1B7FFF00FB7D4E /* ContentView.swift in Sources */ = {isa = PBXBuildFile; fileRef = EA993D362B1B7FFF00FB7D4E /* ContentView.swift */; };
		EA993D392B1B801700FB7D4E /* States.swift in Sources */ = {isa = PBXBuildFile; fileRef = EA993D382B1B801700FB7D4E /* States.swift */; };
		EA993D3B2B1B896000FB7D4E /* PlayStopButton.swift in Sources */ = {isa = PBXBuildFile; fileRef = EA993D3A2B1B896000FB7D4E /* PlayStopButton.swift */; };
		EA993D3D2B1B89F100FB7D4E /* CounterButton.swift in Sources */ = {isa = PBXBuildFile; fileRef = EA993D3C2B1B89F100FB7D4E /* CounterButton.swift */; };
		EA993D3F2B1C616100FB7D4E /* Exercise_7_1.swift in Sources */ = {isa = PBXBuildFile; fileRef = EA993D3E2B1C616100FB7D4E /* Exercise_7_1.swift */; };
		EAA1B8E52B16399E00C42DD2 /* CardView.swift in Sources */ = {isa = PBXBuildFile; fileRef = EAA1B8E42B16399E00C42DD2 /* CardView.swift */; };
		EAA1B8E72B175BCB00C42DD2 /* CardViewsVertical.swift in Sources */ = {isa = PBXBuildFile; fileRef = EAA1B8E62B175BCB00C42DD2 /* CardViewsVertical.swift */; };
		EAA1B8E92B17616100C42DD2 /* CardViewsHorizontal.swift in Sources */ = {isa = PBXBuildFile; fileRef = EAA1B8E82B17616100C42DD2 /* CardViewsHorizontal.swift */; };
		EAA1B8EC2B1871AC00C42DD2 /* Buttons.swift in Sources */ = {isa = PBXBuildFile; fileRef = EAA1B8EB2B1871AC00C42DD2 /* Buttons.swift */; };
		EAA920EE2B3AA29800FDCB51 /* RegistrationScreen.swift in Sources */ = {isa = PBXBuildFile; fileRef = EAA920ED2B3AA29800FDCB51 /* RegistrationScreen.swift */; };
		EAB538752B394783003BF728 /* Experiments.swift in Sources */ = {isa = PBXBuildFile; fileRef = EAB538742B394783003BF728 /* Experiments.swift */; };
		EAF033A62B26D662008A571E /* AnyTransition+Extension.swift in Sources */ = {isa = PBXBuildFile; fileRef = EAF033A52B26D662008A571E /* AnyTransition+Extension.swift */; };
		EAF033A82B26D887008A571E /* SubmitButton.swift in Sources */ = {isa = PBXBuildFile; fileRef = EAF033A72B26D887008A571E /* SubmitButton.swift */; };
		EAF09AB82B3EBF65002246CA /* UserRegistrationViewModel.swift in Sources */ = {isa = PBXBuildFile; fileRef = EAF09AB72B3EBF65002246CA /* UserRegistrationViewModel.swift */; };
/* End PBXBuildFile section */

/* Begin PBXFileReference section */
		04F402832B1324EC002C8C00 /* LongSwiftUJourney.app */ = {isa = PBXFileReference; explicitFileType = wrapper.application; includeInIndex = 0; path = LongSwiftUJourney.app; sourceTree = BUILT_PRODUCTS_DIR; };
		04F402862B1324EC002C8C00 /* LongSwiftUJourneyApp.swift */ = {isa = PBXFileReference; lastKnownFileType = sourcecode.swift; path = LongSwiftUJourneyApp.swift; sourceTree = "<group>"; };
		04F4028A2B1324F1002C8C00 /* Assets.xcassets */ = {isa = PBXFileReference; lastKnownFileType = folder.assetcatalog; path = Assets.xcassets; sourceTree = "<group>"; };
		04F4028D2B1324F1002C8C00 /* Preview Assets.xcassets */ = {isa = PBXFileReference; lastKnownFileType = folder.assetcatalog; path = "Preview Assets.xcassets"; sourceTree = "<group>"; };
		04F402952B132C37002C8C00 /* Header.swift */ = {isa = PBXFileReference; lastKnownFileType = sourcecode.swift; path = Header.swift; sourceTree = "<group>"; };
		04F402972B132C95002C8C00 /* PricingView.swift */ = {isa = PBXFileReference; lastKnownFileType = sourcecode.swift; path = PricingView.swift; sourceTree = "<group>"; };
		04F402992B1336F0002C8C00 /* Constants.swift */ = {isa = PBXFileReference; lastKnownFileType = sourcecode.swift; path = Constants.swift; sourceTree = "<group>"; };
		540CDE0C2B55CA260026B2C1 /* MoonButton.swift */ = {isa = PBXFileReference; lastKnownFileType = sourcecode.swift; path = MoonButton.swift; sourceTree = "<group>"; };
		54256E242B27A19D00618144 /* Restaurant.swift */ = {isa = PBXFileReference; lastKnownFileType = sourcecode.swift; path = Restaurant.swift; sourceTree = "<group>"; };
		54256E3E2B2A258D00618144 /* BasicImageRow.swift */ = {isa = PBXFileReference; lastKnownFileType = sourcecode.swift; path = BasicImageRow.swift; sourceTree = "<group>"; };
		54256E402B2A264000618144 /* FullImageRow.swift */ = {isa = PBXFileReference; lastKnownFileType = sourcecode.swift; path = FullImageRow.swift; sourceTree = "<group>"; };
		5437B8702B2F4CDC00BC39B0 /* Exercise_10_1.swift */ = {isa = PBXFileReference; lastKnownFileType = sourcecode.swift; path = Exercise_10_1.swift; sourceTree = "<group>"; };
		5437B8742B2F5A4800BC39B0 /* HINavigationStack.swift */ = {isa = PBXFileReference; lastKnownFileType = sourcecode.swift; path = HINavigationStack.swift; sourceTree = "<group>"; };
		5437B8762B2F5BED00BC39B0 /* RestaurantDetailView.swift */ = {isa = PBXFileReference; lastKnownFileType = sourcecode.swift; path = RestaurantDetailView.swift; sourceTree = "<group>"; };
		5437B8792B34D0D100BC39B0 /* Restaurant_13.swift */ = {isa = PBXFileReference; lastKnownFileType = sourcecode.swift; path = Restaurant_13.swift; sourceTree = "<group>"; };
		5437B87B2B34D10E00BC39B0 /* BasicImageRow_13.swift */ = {isa = PBXFileReference; lastKnownFileType = sourcecode.swift; path = BasicImageRow_13.swift; sourceTree = "<group>"; };
		5437B87D2B34D14900BC39B0 /* ContentView_13.swift */ = {isa = PBXFileReference; lastKnownFileType = sourcecode.swift; path = ContentView_13.swift; sourceTree = "<group>"; };
		5437B87F2B34D25500BC39B0 /* SettingView.swift */ = {isa = PBXFileReference; lastKnownFileType = sourcecode.swift; path = SettingView.swift; sourceTree = "<group>"; };
		5437B8812B35D82C00BC39B0 /* DisplayOrderType.swift */ = {isa = PBXFileReference; lastKnownFileType = sourcecode.swift; path = DisplayOrderType.swift; sourceTree = "<group>"; };
		5437B8842B35DA7200BC39B0 /* SettingStore.swift */ = {isa = PBXFileReference; lastKnownFileType = sourcecode.swift; path = SettingStore.swift; sourceTree = "<group>"; };
		546D50062B44878D002E424E /* ContextMenu.swift */ = {isa = PBXFileReference; lastKnownFileType = sourcecode.swift; path = ContextMenu.swift; sourceTree = "<group>"; };
		546D50082B448CEC002E424E /* BasicImageRow_16.swift */ = {isa = PBXFileReference; lastKnownFileType = sourcecode.swift; path = BasicImageRow_16.swift; sourceTree = "<group>"; };
		546D500A2B448D0D002E424E /* Restaurant_16.swift */ = {isa = PBXFileReference; lastKnownFileType = sourcecode.swift; path = Restaurant_16.swift; sourceTree = "<group>"; };
		546D500D2B458D21002E424E /* HiGestures.swift */ = {isa = PBXFileReference; lastKnownFileType = sourcecode.swift; path = HiGestures.swift; sourceTree = "<group>"; };
		546D50102B4B0D58002E424E /* HiBottomSheet.swift */ = {isa = PBXFileReference; lastKnownFileType = sourcecode.swift; path = HiBottomSheet.swift; sourceTree = "<group>"; };
		546D50122B4B0EEA002E424E /* Restaurant_18.swift */ = {isa = PBXFileReference; lastKnownFileType = sourcecode.swift; path = Restaurant_18.swift; sourceTree = "<group>"; };
		546D50142B4B144A002E424E /* BasicImageRow_18.swift */ = {isa = PBXFileReference; lastKnownFileType = sourcecode.swift; path = BasicImageRow_18.swift; sourceTree = "<group>"; };
		546D50162B4B14A1002E424E /* RestaurantDetailView_18.swift */ = {isa = PBXFileReference; lastKnownFileType = sourcecode.swift; path = RestaurantDetailView_18.swift; sourceTree = "<group>"; };
		546D50192B4D5B3D002E424E /* Trip.swift */ = {isa = PBXFileReference; lastKnownFileType = sourcecode.swift; path = Trip.swift; sourceTree = "<group>"; };
		546D501B2B4D5C11002E424E /* UILikeTinder.swift */ = {isa = PBXFileReference; lastKnownFileType = sourcecode.swift; path = UILikeTinder.swift; sourceTree = "<group>"; };
		546D501D2B52B323002E424E /* DragState.swift */ = {isa = PBXFileReference; lastKnownFileType = sourcecode.swift; path = DragState.swift; sourceTree = "<group>"; };
		546D501F2B52B44D002E424E /* TripView.swift */ = {isa = PBXFileReference; lastKnownFileType = sourcecode.swift; path = TripView.swift; sourceTree = "<group>"; };
		546D50212B52BD30002E424E /* ButtonsAnimations.swift */ = {isa = PBXFileReference; lastKnownFileType = sourcecode.swift; path = ButtonsAnimations.swift; sourceTree = "<group>"; };
		546D50232B52CFFA002E424E /* Press.swift */ = {isa = PBXFileReference; lastKnownFileType = sourcecode.swift; path = Press.swift; sourceTree = "<group>"; };
		EA1DF79F2B27333200FB7816 /* ListForEachIdentifiable.swift */ = {isa = PBXFileReference; lastKnownFileType = sourcecode.swift; path = ListForEachIdentifiable.swift; sourceTree = "<group>"; };
		EA1F26032B32D43700DD482C /* ModalViewsFloatingButtonsAlerts.swift */ = {isa = PBXFileReference; lastKnownFileType = sourcecode.swift; path = ModalViewsFloatingButtonsAlerts.swift; sourceTree = "<group>"; };
		EA1F26052B3302A000DD482C /* ArticleDetailedViewWithDismissButton.swift */ = {isa = PBXFileReference; lastKnownFileType = sourcecode.swift; path = ArticleDetailedViewWithDismissButton.swift; sourceTree = "<group>"; };
		EA2774932B20DD3D006E9847 /* Heart.swift */ = {isa = PBXFileReference; lastKnownFileType = sourcecode.swift; path = Heart.swift; sourceTree = "<group>"; };
		EA2774952B20E0B2006E9847 /* CircleLoadingIndicator.swift */ = {isa = PBXFileReference; lastKnownFileType = sourcecode.swift; path = CircleLoadingIndicator.swift; sourceTree = "<group>"; };
		EA2774972B20E7A6006E9847 /* LineLoadingIndicator.swift */ = {isa = PBXFileReference; lastKnownFileType = sourcecode.swift; path = LineLoadingIndicator.swift; sourceTree = "<group>"; };
		EA2774992B21DAD0006E9847 /* CircleProgressIndicator.swift */ = {isa = PBXFileReference; lastKnownFileType = sourcecode.swift; path = CircleProgressIndicator.swift; sourceTree = "<group>"; };
		EA27749B2B21DF10006E9847 /* DotsLoader.swift */ = {isa = PBXFileReference; lastKnownFileType = sourcecode.swift; path = DotsLoader.swift; sourceTree = "<group>"; };
		EA27749D2B2229AC006E9847 /* ShapeChangerButton.swift */ = {isa = PBXFileReference; lastKnownFileType = sourcecode.swift; path = ShapeChangerButton.swift; sourceTree = "<group>"; };
		EA2BB8792B3D54DD00585ED0 /* DividerTextFiled.swift */ = {isa = PBXFileReference; lastKnownFileType = sourcecode.swift; path = DividerTextFiled.swift; sourceTree = "<group>"; };
		EA2BB87B2B3D572100585ED0 /* CentredLabel.swift */ = {isa = PBXFileReference; lastKnownFileType = sourcecode.swift; path = CentredLabel.swift; sourceTree = "<group>"; };
		EA46C4782B1C765B00D940DD /* Counter.swift */ = {isa = PBXFileReference; lastKnownFileType = sourcecode.swift; path = Counter.swift; sourceTree = "<group>"; };
		EA46C47A2B1C775800D940DD /* WelcomePath.swift */ = {isa = PBXFileReference; lastKnownFileType = sourcecode.swift; path = WelcomePath.swift; sourceTree = "<group>"; };
		EA46C47C2B1DD2B600D940DD /* Dome.swift */ = {isa = PBXFileReference; lastKnownFileType = sourcecode.swift; path = Dome.swift; sourceTree = "<group>"; };
		EA46C47E2B1DD63500D940DD /* PlayButton.swift */ = {isa = PBXFileReference; lastKnownFileType = sourcecode.swift; path = PlayButton.swift; sourceTree = "<group>"; };
		EA46C4802B1DD8DE00D940DD /* ProgressView.swift */ = {isa = PBXFileReference; lastKnownFileType = sourcecode.swift; path = ProgressView.swift; sourceTree = "<group>"; };
		EA46C4832B1E500200D940DD /* SwiftUIAnimations.swift */ = {isa = PBXFileReference; lastKnownFileType = sourcecode.swift; path = SwiftUIAnimations.swift; sourceTree = "<group>"; };
		EA7D05E82B301802001C6560 /* Exercise_11_1.swift */ = {isa = PBXFileReference; lastKnownFileType = sourcecode.swift; path = Exercise_11_1.swift; sourceTree = "<group>"; };
		EA7D05EA2B301EF2001C6560 /* ArticleView.swift */ = {isa = PBXFileReference; lastKnownFileType = sourcecode.swift; path = ArticleView.swift; sourceTree = "<group>"; };
		EA7D05EC2B30223B001C6560 /* ArticleDetailedView.swift */ = {isa = PBXFileReference; lastKnownFileType = sourcecode.swift; path = ArticleDetailedView.swift; sourceTree = "<group>"; };
		EA7E57412B14742B0086CCD3 /* Exercise_4_1.swift */ = {isa = PBXFileReference; lastKnownFileType = sourcecode.swift; path = Exercise_4_1.swift; sourceTree = "<group>"; };
		EA7E57432B1474F50086CCD3 /* Exercise_4_2.swift */ = {isa = PBXFileReference; lastKnownFileType = sourcecode.swift; path = Exercise_4_2.swift; sourceTree = "<group>"; };
		EA993D192B19EA9F00FB7D4E /* ButtonStyles.swift */ = {isa = PBXFileReference; lastKnownFileType = sourcecode.swift; path = ButtonStyles.swift; sourceTree = "<group>"; };
		EA993D362B1B7FFF00FB7D4E /* ContentView.swift */ = {isa = PBXFileReference; fileEncoding = 4; lastKnownFileType = sourcecode.swift; path = ContentView.swift; sourceTree = "<group>"; };
		EA993D382B1B801700FB7D4E /* States.swift */ = {isa = PBXFileReference; lastKnownFileType = sourcecode.swift; path = States.swift; sourceTree = "<group>"; };
		EA993D3A2B1B896000FB7D4E /* PlayStopButton.swift */ = {isa = PBXFileReference; lastKnownFileType = sourcecode.swift; path = PlayStopButton.swift; sourceTree = "<group>"; };
		EA993D3C2B1B89F100FB7D4E /* CounterButton.swift */ = {isa = PBXFileReference; lastKnownFileType = sourcecode.swift; path = CounterButton.swift; sourceTree = "<group>"; };
		EA993D3E2B1C616100FB7D4E /* Exercise_7_1.swift */ = {isa = PBXFileReference; lastKnownFileType = sourcecode.swift; path = Exercise_7_1.swift; sourceTree = "<group>"; };
		EAA1B8E42B16399E00C42DD2 /* CardView.swift */ = {isa = PBXFileReference; lastKnownFileType = sourcecode.swift; path = CardView.swift; sourceTree = "<group>"; };
		EAA1B8E62B175BCB00C42DD2 /* CardViewsVertical.swift */ = {isa = PBXFileReference; lastKnownFileType = sourcecode.swift; path = CardViewsVertical.swift; sourceTree = "<group>"; };
		EAA1B8E82B17616100C42DD2 /* CardViewsHorizontal.swift */ = {isa = PBXFileReference; lastKnownFileType = sourcecode.swift; path = CardViewsHorizontal.swift; sourceTree = "<group>"; };
		EAA1B8EB2B1871AC00C42DD2 /* Buttons.swift */ = {isa = PBXFileReference; lastKnownFileType = sourcecode.swift; path = Buttons.swift; sourceTree = "<group>"; };
		EAA920ED2B3AA29800FDCB51 /* RegistrationScreen.swift */ = {isa = PBXFileReference; lastKnownFileType = sourcecode.swift; path = RegistrationScreen.swift; sourceTree = "<group>"; };
		EAB538742B394783003BF728 /* Experiments.swift */ = {isa = PBXFileReference; lastKnownFileType = sourcecode.swift; path = Experiments.swift; sourceTree = "<group>"; };
		EAF033A52B26D662008A571E /* AnyTransition+Extension.swift */ = {isa = PBXFileReference; lastKnownFileType = sourcecode.swift; path = "AnyTransition+Extension.swift"; sourceTree = "<group>"; };
		EAF033A72B26D887008A571E /* SubmitButton.swift */ = {isa = PBXFileReference; lastKnownFileType = sourcecode.swift; path = SubmitButton.swift; sourceTree = "<group>"; };
		EAF09AB72B3EBF65002246CA /* UserRegistrationViewModel.swift */ = {isa = PBXFileReference; lastKnownFileType = sourcecode.swift; path = UserRegistrationViewModel.swift; sourceTree = "<group>"; };
/* End PBXFileReference section */

/* Begin PBXFrameworksBuildPhase section */
		04F402802B1324EC002C8C00 /* Frameworks */ = {
			isa = PBXFrameworksBuildPhase;
			buildActionMask = 2147483647;
			files = (
			);
			runOnlyForDeploymentPostprocessing = 0;
		};
/* End PBXFrameworksBuildPhase section */

/* Begin PBXGroup section */
		04F4027A2B1324EC002C8C00 = {
			isa = PBXGroup;
			children = (
				04F402852B1324EC002C8C00 /* LongSwiftUJourney */,
				04F402842B1324EC002C8C00 /* Products */,
			);
			sourceTree = "<group>";
		};
		04F402842B1324EC002C8C00 /* Products */ = {
			isa = PBXGroup;
			children = (
				04F402832B1324EC002C8C00 /* LongSwiftUJourney.app */,
			);
			name = Products;
			sourceTree = "<group>";
		};
		04F402852B1324EC002C8C00 /* LongSwiftUJourney */ = {
			isa = PBXGroup;
			children = (
				04F402862B1324EC002C8C00 /* LongSwiftUJourneyApp.swift */,
				EA993D362B1B7FFF00FB7D4E /* ContentView.swift */,
				EAB538732B394769003BF728 /* Experiments */,
				04F402942B132C04002C8C00 /* Chapter 4 */,
				EAA1B8E32B16396600C42DD2 /* Chapter 5 */,
				EAA1B8EA2B18718200C42DD2 /* Chapter 6 */,
				EA993D352B1B7F7C00FB7D4E /* Chapter 7 */,
				EA46C4772B1C72D300D940DD /* Chapter 8 */,
				EA46C4822B1E4FB900D940DD /* Chapter 9 */,
				EA1DF79E2B27330900FB7816 /* Chapter 10 */,
				5437B8732B2F5A1E00BC39B0 /* Chapter 11 */,
				EA1F26022B32D41500DD482C /* Chapter 12 */,
				5437B8782B34D08C00BC39B0 /* Chapter 13 */,
				5437B8832B35D83900BC39B0 /* Chapter 14 */,
				EAA920EC2B3AA27500FDCB51 /* Chapter 15 */,
				546D50052B448770002E424E /* Chapter 16 */,
				546D500C2B458D06002E424E /* Chapter 17 */,
				546D500F2B49B27C002E424E /* Chapter 18 */,
				546D50182B4D5735002E424E /* Chapter 19 */,
				04F4028A2B1324F1002C8C00 /* Assets.xcassets */,
				04F4028C2B1324F1002C8C00 /* Preview Content */,
			);
			path = LongSwiftUJourney;
			sourceTree = "<group>";
		};
		04F4028C2B1324F1002C8C00 /* Preview Content */ = {
			isa = PBXGroup;
			children = (
				04F4028D2B1324F1002C8C00 /* Preview Assets.xcassets */,
			);
			path = "Preview Content";
			sourceTree = "<group>";
		};
		04F402942B132C04002C8C00 /* Chapter 4 */ = {
			isa = PBXGroup;
			children = (
				EA7E57412B14742B0086CCD3 /* Exercise_4_1.swift */,
				EA7E57432B1474F50086CCD3 /* Exercise_4_2.swift */,
				04F402952B132C37002C8C00 /* Header.swift */,
				04F402972B132C95002C8C00 /* PricingView.swift */,
				04F402992B1336F0002C8C00 /* Constants.swift */,
			);
			path = "Chapter 4";
			sourceTree = "<group>";
		};
		5437B8732B2F5A1E00BC39B0 /* Chapter 11 */ = {
			isa = PBXGroup;
			children = (
				5437B8742B2F5A4800BC39B0 /* HINavigationStack.swift */,
				5437B8762B2F5BED00BC39B0 /* RestaurantDetailView.swift */,
				EA7D05E82B301802001C6560 /* Exercise_11_1.swift */,
				EA7D05EC2B30223B001C6560 /* ArticleDetailedView.swift */,
			);
			path = "Chapter 11";
			sourceTree = "<group>";
		};
		5437B8782B34D08C00BC39B0 /* Chapter 13 */ = {
			isa = PBXGroup;
			children = (
				5437B8792B34D0D100BC39B0 /* Restaurant_13.swift */,
				5437B87B2B34D10E00BC39B0 /* BasicImageRow_13.swift */,
				5437B87D2B34D14900BC39B0 /* ContentView_13.swift */,
				5437B87F2B34D25500BC39B0 /* SettingView.swift */,
			);
			path = "Chapter 13";
			sourceTree = "<group>";
		};
		5437B8832B35D83900BC39B0 /* Chapter 14 */ = {
			isa = PBXGroup;
			children = (
				5437B8812B35D82C00BC39B0 /* DisplayOrderType.swift */,
				5437B8842B35DA7200BC39B0 /* SettingStore.swift */,
			);
			path = "Chapter 14";
			sourceTree = "<group>";
		};
		546D50052B448770002E424E /* Chapter 16 */ = {
			isa = PBXGroup;
			children = (
				546D50062B44878D002E424E /* ContextMenu.swift */,
				546D50082B448CEC002E424E /* BasicImageRow_16.swift */,
				546D500A2B448D0D002E424E /* Restaurant_16.swift */,
			);
			path = "Chapter 16";
			sourceTree = "<group>";
		};
		546D500C2B458D06002E424E /* Chapter 17 */ = {
			isa = PBXGroup;
			children = (
				546D500D2B458D21002E424E /* HiGestures.swift */,
			);
			path = "Chapter 17";
			sourceTree = "<group>";
		};
		546D500F2B49B27C002E424E /* Chapter 18 */ = {
			isa = PBXGroup;
			children = (
				546D50102B4B0D58002E424E /* HiBottomSheet.swift */,
				546D50122B4B0EEA002E424E /* Restaurant_18.swift */,
				546D50162B4B14A1002E424E /* RestaurantDetailView_18.swift */,
				546D50142B4B144A002E424E /* BasicImageRow_18.swift */,
			);
			path = "Chapter 18";
			sourceTree = "<group>";
		};
		546D50182B4D5735002E424E /* Chapter 19 */ = {
			isa = PBXGroup;
			children = (
				546D50192B4D5B3D002E424E /* Trip.swift */,
				546D501B2B4D5C11002E424E /* UILikeTinder.swift */,
				546D501D2B52B323002E424E /* DragState.swift */,
				546D501F2B52B44D002E424E /* TripView.swift */,
			);
			path = "Chapter 19";
			sourceTree = "<group>";
		};
		EA1DF79E2B27330900FB7816 /* Chapter 10 */ = {
			isa = PBXGroup;
			children = (
				EA1DF79F2B27333200FB7816 /* ListForEachIdentifiable.swift */,
				54256E242B27A19D00618144 /* Restaurant.swift */,
				54256E3E2B2A258D00618144 /* BasicImageRow.swift */,
				54256E402B2A264000618144 /* FullImageRow.swift */,
				5437B8702B2F4CDC00BC39B0 /* Exercise_10_1.swift */,
				EA7D05EA2B301EF2001C6560 /* ArticleView.swift */,
			);
			path = "Chapter 10";
			sourceTree = "<group>";
		};
		EA1F26022B32D41500DD482C /* Chapter 12 */ = {
			isa = PBXGroup;
			children = (
				EA1F26032B32D43700DD482C /* ModalViewsFloatingButtonsAlerts.swift */,
				EA1F26052B3302A000DD482C /* ArticleDetailedViewWithDismissButton.swift */,
			);
			path = "Chapter 12";
			sourceTree = "<group>";
		};
		EA46C4772B1C72D300D940DD /* Chapter 8 */ = {
			isa = PBXGroup;
			children = (
				EA46C47A2B1C775800D940DD /* WelcomePath.swift */,
				EA46C47C2B1DD2B600D940DD /* Dome.swift */,
				EA46C47E2B1DD63500D940DD /* PlayButton.swift */,
				EA46C4802B1DD8DE00D940DD /* ProgressView.swift */,
			);
			path = "Chapter 8";
			sourceTree = "<group>";
		};
		EA46C4822B1E4FB900D940DD /* Chapter 9 */ = {
			isa = PBXGroup;
			children = (
				EA46C4832B1E500200D940DD /* SwiftUIAnimations.swift */,
				EAF033A52B26D662008A571E /* AnyTransition+Extension.swift */,
				EA2774992B21DAD0006E9847 /* CircleProgressIndicator.swift */,
				EA2774932B20DD3D006E9847 /* Heart.swift */,
				EA2774952B20E0B2006E9847 /* CircleLoadingIndicator.swift */,
				EA2774972B20E7A6006E9847 /* LineLoadingIndicator.swift */,
				EA27749B2B21DF10006E9847 /* DotsLoader.swift */,
				EA27749D2B2229AC006E9847 /* ShapeChangerButton.swift */,
				EAF033A72B26D887008A571E /* SubmitButton.swift */,
			);
			path = "Chapter 9";
			sourceTree = "<group>";
		};
		EA993D352B1B7F7C00FB7D4E /* Chapter 7 */ = {
			isa = PBXGroup;
			children = (
				EA993D382B1B801700FB7D4E /* States.swift */,
				EA46C4782B1C765B00D940DD /* Counter.swift */,
				EA993D3E2B1C616100FB7D4E /* Exercise_7_1.swift */,
				EA993D3A2B1B896000FB7D4E /* PlayStopButton.swift */,
				EA993D3C2B1B89F100FB7D4E /* CounterButton.swift */,
			);
			path = "Chapter 7";
			sourceTree = "<group>";
		};
		EAA1B8E32B16396600C42DD2 /* Chapter 5 */ = {
			isa = PBXGroup;
			children = (
				EAA1B8E62B175BCB00C42DD2 /* CardViewsVertical.swift */,
				EAA1B8E82B17616100C42DD2 /* CardViewsHorizontal.swift */,
				EAA1B8E42B16399E00C42DD2 /* CardView.swift */,
			);
			path = "Chapter 5";
			sourceTree = "<group>";
		};
		EAA1B8EA2B18718200C42DD2 /* Chapter 6 */ = {
			isa = PBXGroup;
			children = (
				EAA1B8EB2B1871AC00C42DD2 /* Buttons.swift */,
				EA993D192B19EA9F00FB7D4E /* ButtonStyles.swift */,
			);
			path = "Chapter 6";
			sourceTree = "<group>";
		};
		EAA920EC2B3AA27500FDCB51 /* Chapter 15 */ = {
			isa = PBXGroup;
			children = (
				EAA920ED2B3AA29800FDCB51 /* RegistrationScreen.swift */,
				EA2BB8792B3D54DD00585ED0 /* DividerTextFiled.swift */,
				EA2BB87B2B3D572100585ED0 /* CentredLabel.swift */,
				EAF09AB72B3EBF65002246CA /* UserRegistrationViewModel.swift */,
			);
			path = "Chapter 15";
			sourceTree = "<group>";
		};
		EAB538732B394769003BF728 /* Experiments */ = {
			isa = PBXGroup;
			children = (
				EAB538742B394783003BF728 /* Experiments.swift */,
				546D50212B52BD30002E424E /* ButtonsAnimations.swift */,
				540CDE0C2B55CA260026B2C1 /* MoonButton.swift */,
				546D50232B52CFFA002E424E /* Press.swift */,
			);
			path = Experiments;
			sourceTree = "<group>";
		};
/* End PBXGroup section */

/* Begin PBXNativeTarget section */
		04F402822B1324EC002C8C00 /* LongSwiftUJourney */ = {
			isa = PBXNativeTarget;
			buildConfigurationList = 04F402912B1324F1002C8C00 /* Build configuration list for PBXNativeTarget "LongSwiftUJourney" */;
			buildPhases = (
				04F4027F2B1324EC002C8C00 /* Sources */,
				04F402802B1324EC002C8C00 /* Frameworks */,
				04F402812B1324EC002C8C00 /* Resources */,
			);
			buildRules = (
			);
			dependencies = (
			);
			name = LongSwiftUJourney;
			productName = LongSwiftUJourney;
			productReference = 04F402832B1324EC002C8C00 /* LongSwiftUJourney.app */;
			productType = "com.apple.product-type.application";
		};
/* End PBXNativeTarget section */

/* Begin PBXProject section */
		04F4027B2B1324EC002C8C00 /* Project object */ = {
			isa = PBXProject;
			attributes = {
				BuildIndependentTargetsInParallel = 1;
				LastSwiftUpdateCheck = 1430;
				LastUpgradeCheck = 1430;
				TargetAttributes = {
					04F402822B1324EC002C8C00 = {
						CreatedOnToolsVersion = 14.3.1;
					};
				};
			};
			buildConfigurationList = 04F4027E2B1324EC002C8C00 /* Build configuration list for PBXProject "LongSwiftUJourney" */;
			compatibilityVersion = "Xcode 14.0";
			developmentRegion = en;
			hasScannedForEncodings = 0;
			knownRegions = (
				en,
				Base,
			);
			mainGroup = 04F4027A2B1324EC002C8C00;
			productRefGroup = 04F402842B1324EC002C8C00 /* Products */;
			projectDirPath = "";
			projectRoot = "";
			targets = (
				04F402822B1324EC002C8C00 /* LongSwiftUJourney */,
			);
		};
/* End PBXProject section */

/* Begin PBXResourcesBuildPhase section */
		04F402812B1324EC002C8C00 /* Resources */ = {
			isa = PBXResourcesBuildPhase;
			buildActionMask = 2147483647;
			files = (
				04F4028E2B1324F1002C8C00 /* Preview Assets.xcassets in Resources */,
				04F4028B2B1324F1002C8C00 /* Assets.xcassets in Resources */,
			);
			runOnlyForDeploymentPostprocessing = 0;
		};
/* End PBXResourcesBuildPhase section */

/* Begin PBXSourcesBuildPhase section */
		04F4027F2B1324EC002C8C00 /* Sources */ = {
			isa = PBXSourcesBuildPhase;
			buildActionMask = 2147483647;
			files = (
				EA7E57442B1474F50086CCD3 /* Exercise_4_2.swift in Sources */,
				5437B87C2B34D10E00BC39B0 /* BasicImageRow_13.swift in Sources */,
				EA46C47F2B1DD63500D940DD /* PlayButton.swift in Sources */,
				546D50172B4B14A1002E424E /* RestaurantDetailView_18.swift in Sources */,
				EA1F26062B3302A000DD482C /* ArticleDetailedViewWithDismissButton.swift in Sources */,
				EA993D3D2B1B89F100FB7D4E /* CounterButton.swift in Sources */,
				EA7E57422B14742B0086CCD3 /* Exercise_4_1.swift in Sources */,
				EAB538752B394783003BF728 /* Experiments.swift in Sources */,
				546D50112B4B0D58002E424E /* HiBottomSheet.swift in Sources */,
				EA993D372B1B7FFF00FB7D4E /* ContentView.swift in Sources */,
				04F4029A2B1336F0002C8C00 /* Constants.swift in Sources */,
				EA2774982B20E7A6006E9847 /* LineLoadingIndicator.swift in Sources */,
				54256E412B2A264000618144 /* FullImageRow.swift in Sources */,
				EA27749C2B21DF10006E9847 /* DotsLoader.swift in Sources */,
				EAA920EE2B3AA29800FDCB51 /* RegistrationScreen.swift in Sources */,
				546D500E2B458D21002E424E /* HiGestures.swift in Sources */,
				546D50132B4B0EEA002E424E /* Restaurant_18.swift in Sources */,
				EA7D05E92B301803001C6560 /* Exercise_11_1.swift in Sources */,
				5437B8752B2F5A4800BC39B0 /* HINavigationStack.swift in Sources */,
				5437B8772B2F5BED00BC39B0 /* RestaurantDetailView.swift in Sources */,
				540CDE0D2B55CA260026B2C1 /* MoonButton.swift in Sources */,
				5437B8822B35D82C00BC39B0 /* DisplayOrderType.swift in Sources */,
				EAA1B8EC2B1871AC00C42DD2 /* Buttons.swift in Sources */,
				EA1F26042B32D43700DD482C /* ModalViewsFloatingButtonsAlerts.swift in Sources */,
				546D50152B4B144A002E424E /* BasicImageRow_18.swift in Sources */,
				EAF09AB82B3EBF65002246CA /* UserRegistrationViewModel.swift in Sources */,
				5437B87A2B34D0D100BC39B0 /* Restaurant_13.swift in Sources */,
				EA27749E2B2229AC006E9847 /* ShapeChangerButton.swift in Sources */,
				EA993D3B2B1B896000FB7D4E /* PlayStopButton.swift in Sources */,
				EA46C4792B1C765B00D940DD /* Counter.swift in Sources */,
				EAA1B8E72B175BCB00C42DD2 /* CardViewsVertical.swift in Sources */,
				04F402962B132C37002C8C00 /* Header.swift in Sources */,
				EAF033A62B26D662008A571E /* AnyTransition+Extension.swift in Sources */,
				EA1DF7A02B27333200FB7816 /* ListForEachIdentifiable.swift in Sources */,
				5437B87E2B34D14900BC39B0 /* ContentView_13.swift in Sources */,
				546D500B2B448D0D002E424E /* Restaurant_16.swift in Sources */,
				EA46C4812B1DD8DE00D940DD /* ProgressView.swift in Sources */,
				54256E3F2B2A258D00618144 /* BasicImageRow.swift in Sources */,
				5437B8802B34D25500BC39B0 /* SettingView.swift in Sources */,
				EA2774962B20E0B2006E9847 /* CircleLoadingIndicator.swift in Sources */,
				546D501C2B4D5C11002E424E /* UILikeTinder.swift in Sources */,
				EA7D05ED2B30223B001C6560 /* ArticleDetailedView.swift in Sources */,
				546D501E2B52B323002E424E /* DragState.swift in Sources */,
				EA993D1A2B19EA9F00FB7D4E /* ButtonStyles.swift in Sources */,
				EA2BB87C2B3D572100585ED0 /* CentredLabel.swift in Sources */,
				EAA1B8E92B17616100C42DD2 /* CardViewsHorizontal.swift in Sources */,
				546D50242B52CFFA002E424E /* Press.swift in Sources */,
				54256E252B27A19D00618144 /* Restaurant.swift in Sources */,
				EA993D3F2B1C616100FB7D4E /* Exercise_7_1.swift in Sources */,
				04F402872B1324EC002C8C00 /* LongSwiftUJourneyApp.swift in Sources */,
				546D50202B52B44D002E424E /* TripView.swift in Sources */,
				546D50072B44878D002E424E /* ContextMenu.swift in Sources */,
				5437B8712B2F4CDC00BC39B0 /* Exercise_10_1.swift in Sources */,
				EA46C4842B1E500200D940DD /* SwiftUIAnimations.swift in Sources */,
				EAA1B8E52B16399E00C42DD2 /* CardView.swift in Sources */,
				546D501A2B4D5B3D002E424E /* Trip.swift in Sources */,
				EA2BB87A2B3D54DD00585ED0 /* DividerTextFiled.swift in Sources */,
				EA993D392B1B801700FB7D4E /* States.swift in Sources */,
				546D50222B52BD30002E424E /* ButtonsAnimations.swift in Sources */,
				5437B8852B35DA7200BC39B0 /* SettingStore.swift in Sources */,
				EA46C47D2B1DD2B600D940DD /* Dome.swift in Sources */,
				EAF033A82B26D887008A571E /* SubmitButton.swift in Sources */,
				EA27749A2B21DAD0006E9847 /* CircleProgressIndicator.swift in Sources */,
				04F402982B132C95002C8C00 /* PricingView.swift in Sources */,
				EA46C47B2B1C775800D940DD /* WelcomePath.swift in Sources */,
				EA7D05EB2B301EF2001C6560 /* ArticleView.swift in Sources */,
				EA2774942B20DD3D006E9847 /* Heart.swift in Sources */,
				546D50092B448CEC002E424E /* BasicImageRow_16.swift in Sources */,
			);
			runOnlyForDeploymentPostprocessing = 0;
		};
/* End PBXSourcesBuildPhase section */

/* Begin XCBuildConfiguration section */
		04F4028F2B1324F1002C8C00 /* Debug */ = {
			isa = XCBuildConfiguration;
			buildSettings = {
				ALWAYS_SEARCH_USER_PATHS = NO;
				CLANG_ANALYZER_NONNULL = YES;
				CLANG_ANALYZER_NUMBER_OBJECT_CONVERSION = YES_AGGRESSIVE;
				CLANG_CXX_LANGUAGE_STANDARD = "gnu++20";
				CLANG_ENABLE_MODULES = YES;
				CLANG_ENABLE_OBJC_ARC = YES;
				CLANG_ENABLE_OBJC_WEAK = YES;
				CLANG_WARN_BLOCK_CAPTURE_AUTORELEASING = YES;
				CLANG_WARN_BOOL_CONVERSION = YES;
				CLANG_WARN_COMMA = YES;
				CLANG_WARN_CONSTANT_CONVERSION = YES;
				CLANG_WARN_DEPRECATED_OBJC_IMPLEMENTATIONS = YES;
				CLANG_WARN_DIRECT_OBJC_ISA_USAGE = YES_ERROR;
				CLANG_WARN_DOCUMENTATION_COMMENTS = YES;
				CLANG_WARN_EMPTY_BODY = YES;
				CLANG_WARN_ENUM_CONVERSION = YES;
				CLANG_WARN_INFINITE_RECURSION = YES;
				CLANG_WARN_INT_CONVERSION = YES;
				CLANG_WARN_NON_LITERAL_NULL_CONVERSION = YES;
				CLANG_WARN_OBJC_IMPLICIT_RETAIN_SELF = YES;
				CLANG_WARN_OBJC_LITERAL_CONVERSION = YES;
				CLANG_WARN_OBJC_ROOT_CLASS = YES_ERROR;
				CLANG_WARN_QUOTED_INCLUDE_IN_FRAMEWORK_HEADER = YES;
				CLANG_WARN_RANGE_LOOP_ANALYSIS = YES;
				CLANG_WARN_STRICT_PROTOTYPES = YES;
				CLANG_WARN_SUSPICIOUS_MOVE = YES;
				CLANG_WARN_UNGUARDED_AVAILABILITY = YES_AGGRESSIVE;
				CLANG_WARN_UNREACHABLE_CODE = YES;
				CLANG_WARN__DUPLICATE_METHOD_MATCH = YES;
				COPY_PHASE_STRIP = NO;
				DEBUG_INFORMATION_FORMAT = dwarf;
				ENABLE_STRICT_OBJC_MSGSEND = YES;
				ENABLE_TESTABILITY = YES;
				GCC_C_LANGUAGE_STANDARD = gnu11;
				GCC_DYNAMIC_NO_PIC = NO;
				GCC_NO_COMMON_BLOCKS = YES;
				GCC_OPTIMIZATION_LEVEL = 0;
				GCC_PREPROCESSOR_DEFINITIONS = (
					"DEBUG=1",
					"$(inherited)",
				);
				GCC_WARN_64_TO_32_BIT_CONVERSION = YES;
				GCC_WARN_ABOUT_RETURN_TYPE = YES_ERROR;
				GCC_WARN_UNDECLARED_SELECTOR = YES;
				GCC_WARN_UNINITIALIZED_AUTOS = YES_AGGRESSIVE;
				GCC_WARN_UNUSED_FUNCTION = YES;
				GCC_WARN_UNUSED_VARIABLE = YES;
				IPHONEOS_DEPLOYMENT_TARGET = 16.4;
				MTL_ENABLE_DEBUG_INFO = INCLUDE_SOURCE;
				MTL_FAST_MATH = YES;
				ONLY_ACTIVE_ARCH = YES;
				SDKROOT = iphoneos;
				SWIFT_ACTIVE_COMPILATION_CONDITIONS = DEBUG;
				SWIFT_OPTIMIZATION_LEVEL = "-Onone";
			};
			name = Debug;
		};
		04F402902B1324F1002C8C00 /* Release */ = {
			isa = XCBuildConfiguration;
			buildSettings = {
				ALWAYS_SEARCH_USER_PATHS = NO;
				CLANG_ANALYZER_NONNULL = YES;
				CLANG_ANALYZER_NUMBER_OBJECT_CONVERSION = YES_AGGRESSIVE;
				CLANG_CXX_LANGUAGE_STANDARD = "gnu++20";
				CLANG_ENABLE_MODULES = YES;
				CLANG_ENABLE_OBJC_ARC = YES;
				CLANG_ENABLE_OBJC_WEAK = YES;
				CLANG_WARN_BLOCK_CAPTURE_AUTORELEASING = YES;
				CLANG_WARN_BOOL_CONVERSION = YES;
				CLANG_WARN_COMMA = YES;
				CLANG_WARN_CONSTANT_CONVERSION = YES;
				CLANG_WARN_DEPRECATED_OBJC_IMPLEMENTATIONS = YES;
				CLANG_WARN_DIRECT_OBJC_ISA_USAGE = YES_ERROR;
				CLANG_WARN_DOCUMENTATION_COMMENTS = YES;
				CLANG_WARN_EMPTY_BODY = YES;
				CLANG_WARN_ENUM_CONVERSION = YES;
				CLANG_WARN_INFINITE_RECURSION = YES;
				CLANG_WARN_INT_CONVERSION = YES;
				CLANG_WARN_NON_LITERAL_NULL_CONVERSION = YES;
				CLANG_WARN_OBJC_IMPLICIT_RETAIN_SELF = YES;
				CLANG_WARN_OBJC_LITERAL_CONVERSION = YES;
				CLANG_WARN_OBJC_ROOT_CLASS = YES_ERROR;
				CLANG_WARN_QUOTED_INCLUDE_IN_FRAMEWORK_HEADER = YES;
				CLANG_WARN_RANGE_LOOP_ANALYSIS = YES;
				CLANG_WARN_STRICT_PROTOTYPES = YES;
				CLANG_WARN_SUSPICIOUS_MOVE = YES;
				CLANG_WARN_UNGUARDED_AVAILABILITY = YES_AGGRESSIVE;
				CLANG_WARN_UNREACHABLE_CODE = YES;
				CLANG_WARN__DUPLICATE_METHOD_MATCH = YES;
				COPY_PHASE_STRIP = NO;
				DEBUG_INFORMATION_FORMAT = "dwarf-with-dsym";
				ENABLE_NS_ASSERTIONS = NO;
				ENABLE_STRICT_OBJC_MSGSEND = YES;
				GCC_C_LANGUAGE_STANDARD = gnu11;
				GCC_NO_COMMON_BLOCKS = YES;
				GCC_WARN_64_TO_32_BIT_CONVERSION = YES;
				GCC_WARN_ABOUT_RETURN_TYPE = YES_ERROR;
				GCC_WARN_UNDECLARED_SELECTOR = YES;
				GCC_WARN_UNINITIALIZED_AUTOS = YES_AGGRESSIVE;
				GCC_WARN_UNUSED_FUNCTION = YES;
				GCC_WARN_UNUSED_VARIABLE = YES;
				IPHONEOS_DEPLOYMENT_TARGET = 16.4;
				MTL_ENABLE_DEBUG_INFO = NO;
				MTL_FAST_MATH = YES;
				SDKROOT = iphoneos;
				SWIFT_COMPILATION_MODE = wholemodule;
				SWIFT_OPTIMIZATION_LEVEL = "-O";
				VALIDATE_PRODUCT = YES;
			};
			name = Release;
		};
		04F402922B1324F1002C8C00 /* Debug */ = {
			isa = XCBuildConfiguration;
			buildSettings = {
				ASSETCATALOG_COMPILER_APPICON_NAME = AppIcon;
				ASSETCATALOG_COMPILER_GLOBAL_ACCENT_COLOR_NAME = AccentColor;
				CODE_SIGN_STYLE = Automatic;
				CURRENT_PROJECT_VERSION = 1;
				DEVELOPMENT_ASSET_PATHS = "\"LongSwiftUJourney/Preview Content\"";
				DEVELOPMENT_TEAM = 45SSL5KC89;
				ENABLE_PREVIEWS = YES;
				GENERATE_INFOPLIST_FILE = YES;
				INFOPLIST_KEY_UIApplicationSceneManifest_Generation = YES;
				INFOPLIST_KEY_UIApplicationSupportsIndirectInputEvents = YES;
				INFOPLIST_KEY_UILaunchScreen_Generation = YES;
				INFOPLIST_KEY_UISupportedInterfaceOrientations_iPad = "UIInterfaceOrientationPortrait UIInterfaceOrientationPortraitUpsideDown UIInterfaceOrientationLandscapeLeft UIInterfaceOrientationLandscapeRight";
				INFOPLIST_KEY_UISupportedInterfaceOrientations_iPhone = "UIInterfaceOrientationPortrait UIInterfaceOrientationLandscapeLeft UIInterfaceOrientationLandscapeRight";
				IPHONEOS_DEPLOYMENT_TARGET = 17.0;
				LD_RUNPATH_SEARCH_PATHS = (
					"$(inherited)",
					"@executable_path/Frameworks",
				);
				MARKETING_VERSION = 1.0;
				PRODUCT_BUNDLE_IDENTIFIER = org.7f6005f3f1d37caa.LongSwiftUJourney;
				PRODUCT_NAME = "$(TARGET_NAME)";
				SWIFT_EMIT_LOC_STRINGS = YES;
				SWIFT_VERSION = 5.0;
				TARGETED_DEVICE_FAMILY = "1,2";
			};
			name = Debug;
		};
		04F402932B1324F1002C8C00 /* Release */ = {
			isa = XCBuildConfiguration;
			buildSettings = {
				ASSETCATALOG_COMPILER_APPICON_NAME = AppIcon;
				ASSETCATALOG_COMPILER_GLOBAL_ACCENT_COLOR_NAME = AccentColor;
				CODE_SIGN_STYLE = Automatic;
				CURRENT_PROJECT_VERSION = 1;
				DEVELOPMENT_ASSET_PATHS = "\"LongSwiftUJourney/Preview Content\"";
				DEVELOPMENT_TEAM = 45SSL5KC89;
				ENABLE_PREVIEWS = YES;
				GENERATE_INFOPLIST_FILE = YES;
				INFOPLIST_KEY_UIApplicationSceneManifest_Generation = YES;
				INFOPLIST_KEY_UIApplicationSupportsIndirectInputEvents = YES;
				INFOPLIST_KEY_UILaunchScreen_Generation = YES;
				INFOPLIST_KEY_UISupportedInterfaceOrientations_iPad = "UIInterfaceOrientationPortrait UIInterfaceOrientationPortraitUpsideDown UIInterfaceOrientationLandscapeLeft UIInterfaceOrientationLandscapeRight";
				INFOPLIST_KEY_UISupportedInterfaceOrientations_iPhone = "UIInterfaceOrientationPortrait UIInterfaceOrientationLandscapeLeft UIInterfaceOrientationLandscapeRight";
				IPHONEOS_DEPLOYMENT_TARGET = 17.0;
				LD_RUNPATH_SEARCH_PATHS = (
					"$(inherited)",
					"@executable_path/Frameworks",
				);
				MARKETING_VERSION = 1.0;
				PRODUCT_BUNDLE_IDENTIFIER = org.7f6005f3f1d37caa.LongSwiftUJourney;
				PRODUCT_NAME = "$(TARGET_NAME)";
				SWIFT_EMIT_LOC_STRINGS = YES;
				SWIFT_VERSION = 5.0;
				TARGETED_DEVICE_FAMILY = "1,2";
			};
			name = Release;
		};
/* End XCBuildConfiguration section */

/* Begin XCConfigurationList section */
		04F4027E2B1324EC002C8C00 /* Build configuration list for PBXProject "LongSwiftUJourney" */ = {
			isa = XCConfigurationList;
			buildConfigurations = (
				04F4028F2B1324F1002C8C00 /* Debug */,
				04F402902B1324F1002C8C00 /* Release */,
			);
			defaultConfigurationIsVisible = 0;
			defaultConfigurationName = Release;
		};
		04F402912B1324F1002C8C00 /* Build configuration list for PBXNativeTarget "LongSwiftUJourney" */ = {
			isa = XCConfigurationList;
			buildConfigurations = (
				04F402922B1324F1002C8C00 /* Debug */,
				04F402932B1324F1002C8C00 /* Release */,
			);
			defaultConfigurationIsVisible = 0;
			defaultConfigurationName = Release;
		};
/* End XCConfigurationList section */
	};
	rootObject = 04F4027B2B1324EC002C8C00 /* Project object */;
}
